// !$*UTF8*$!
{
	archiveVersion = 1;
	classes = {
	};
	objectVersion = 50;
	objects = {

/* Begin PBXBuildFile section */
		5D7AB89A256CBDF800BBE08A /* AppDelegate.swift in Sources */ = {isa = PBXBuildFile; fileRef = 5D7AB899256CBDF800BBE08A /* AppDelegate.swift */; };
		5D7AB89C256CBDF800BBE08A /* SceneDelegate.swift in Sources */ = {isa = PBXBuildFile; fileRef = 5D7AB89B256CBDF800BBE08A /* SceneDelegate.swift */; };
		5D7AB89E256CBDF800BBE08A /* ViewController.swift in Sources */ = {isa = PBXBuildFile; fileRef = 5D7AB89D256CBDF800BBE08A /* ViewController.swift */; };
		5D7AB8A1256CBDF800BBE08A /* Main.storyboard in Resources */ = {isa = PBXBuildFile; fileRef = 5D7AB89F256CBDF800BBE08A /* Main.storyboard */; };
		5D7AB8A3256CBDFA00BBE08A /* Assets.xcassets in Resources */ = {isa = PBXBuildFile; fileRef = 5D7AB8A2256CBDFA00BBE08A /* Assets.xcassets */; };
		5D7AB8A6256CBDFA00BBE08A /* LaunchScreen.storyboard in Resources */ = {isa = PBXBuildFile; fileRef = 5D7AB8A4256CBDFA00BBE08A /* LaunchScreen.storyboard */; };
		5D7AB8B1256CBDFA00BBE08A /* RewardsAppTests.swift in Sources */ = {isa = PBXBuildFile; fileRef = 5D7AB8B0256CBDFA00BBE08A /* RewardsAppTests.swift */; };
		5D7AB8BE256CC19200BBE08A /* MainCoordinator.swift in Sources */ = {isa = PBXBuildFile; fileRef = 5D7AB8BD256CC19200BBE08A /* MainCoordinator.swift */; };
		5D7AB8C0256CC1B800BBE08A /* Coordinator.swift in Sources */ = {isa = PBXBuildFile; fileRef = 5D7AB8BF256CC1B800BBE08A /* Coordinator.swift */; };
		5D7AB8C4256CC30000BBE08A /* InitialScreenViewController.swift in Sources */ = {isa = PBXBuildFile; fileRef = 5D7AB8C3256CC30000BBE08A /* InitialScreenViewController.swift */; };
		5D7AB8C6256CC31800BBE08A /* Storyboarded.swift in Sources */ = {isa = PBXBuildFile; fileRef = 5D7AB8C5256CC31800BBE08A /* Storyboarded.swift */; };
		5D7AB8C8256CC8B500BBE08A /* RegisterViewController.swift in Sources */ = {isa = PBXBuildFile; fileRef = 5D7AB8C7256CC8B500BBE08A /* RegisterViewController.swift */; };
		5D7AB8CA256CC8C000BBE08A /* LoginViewController.swift in Sources */ = {isa = PBXBuildFile; fileRef = 5D7AB8C9256CC8C000BBE08A /* LoginViewController.swift */; };
		5D7AB8CD256CD8AC00BBE08A /* RequestManager.swift in Sources */ = {isa = PBXBuildFile; fileRef = 5D7AB8CC256CD8AC00BBE08A /* RequestManager.swift */; };
		5D7AB8CF256CE8C600BBE08A /* NetworkLayer.swift in Sources */ = {isa = PBXBuildFile; fileRef = 5D7AB8CE256CE8C600BBE08A /* NetworkLayer.swift */; };
		5D7AB8D2256CE9DF00BBE08A /* User.swift in Sources */ = {isa = PBXBuildFile; fileRef = 5D7AB8D1256CE9DF00BBE08A /* User.swift */; };
		5D7AB8D7256D06AE00BBE08A /* MockValues.swift in Sources */ = {isa = PBXBuildFile; fileRef = 5D7AB8D6256D06AE00BBE08A /* MockValues.swift */; };
		5D7AB8DB256D0E7200BBE08A /* UITextField+Extension.swift in Sources */ = {isa = PBXBuildFile; fileRef = 5D7AB8DA256D0E7200BBE08A /* UITextField+Extension.swift */; };
		5D7AB8DF256D12E800BBE08A /* RewardsAppHelperClass.swift in Sources */ = {isa = PBXBuildFile; fileRef = 5D7AB8DE256D12E800BBE08A /* RewardsAppHelperClass.swift */; };
		5D7AB8E1256D146A00BBE08A /* DashboardViewController.swift in Sources */ = {isa = PBXBuildFile; fileRef = 5D7AB8E0256D146A00BBE08A /* DashboardViewController.swift */; };
		5D7AB8E4256D2DDA00BBE08A /* DashboardViewModel.swift in Sources */ = {isa = PBXBuildFile; fileRef = 5D7AB8E3256D2DDA00BBE08A /* DashboardViewModel.swift */; };
		5D7AB8E6256D31E100BBE08A /* RegisterViewModel.swift in Sources */ = {isa = PBXBuildFile; fileRef = 5D7AB8E5256D31E100BBE08A /* RegisterViewModel.swift */; };
		5D7AB8E8256D36F800BBE08A /* Reward.swift in Sources */ = {isa = PBXBuildFile; fileRef = 5D7AB8E7256D36F800BBE08A /* Reward.swift */; };
		5D7AB8EC256D3D7700BBE08A /* RewardsCell.swift in Sources */ = {isa = PBXBuildFile; fileRef = 5D7AB8EA256D3D7700BBE08A /* RewardsCell.swift */; };
		5D7AB8ED256D3D7700BBE08A /* RewardsCell.xib in Resources */ = {isa = PBXBuildFile; fileRef = 5D7AB8EB256D3D7700BBE08A /* RewardsCell.xib */; };
		5D7AB8EF256D41D000BBE08A /* ImageLoader.swift in Sources */ = {isa = PBXBuildFile; fileRef = 5D7AB8EE256D41D000BBE08A /* ImageLoader.swift */; };
		5D7AB8F1256D475700BBE08A /* UIViewController+Extension.swift in Sources */ = {isa = PBXBuildFile; fileRef = 5D7AB8F0256D475700BBE08A /* UIViewController+Extension.swift */; };
		5D7AB8F3256D4DD300BBE08A /* RewardViewController.swift in Sources */ = {isa = PBXBuildFile; fileRef = 5D7AB8F2256D4DD300BBE08A /* RewardViewController.swift */; };
		5D7AB8F5256D4E9800BBE08A /* RewardViewModel.swift in Sources */ = {isa = PBXBuildFile; fileRef = 5D7AB8F4256D4E9800BBE08A /* RewardViewModel.swift */; };
/* End PBXBuildFile section */

/* Begin PBXContainerItemProxy section */
		5D7AB8AD256CBDFA00BBE08A /* PBXContainerItemProxy */ = {
			isa = PBXContainerItemProxy;
			containerPortal = 5D7AB88E256CBDF800BBE08A /* Project object */;
			proxyType = 1;
			remoteGlobalIDString = 5D7AB895256CBDF800BBE08A;
			remoteInfo = RewardsApp;
		};
/* End PBXContainerItemProxy section */

/* Begin PBXFileReference section */
		5D7AB896256CBDF800BBE08A /* RewardsApp.app */ = {isa = PBXFileReference; explicitFileType = wrapper.application; includeInIndex = 0; path = RewardsApp.app; sourceTree = BUILT_PRODUCTS_DIR; };
		5D7AB899256CBDF800BBE08A /* AppDelegate.swift */ = {isa = PBXFileReference; lastKnownFileType = sourcecode.swift; path = AppDelegate.swift; sourceTree = "<group>"; };
		5D7AB89B256CBDF800BBE08A /* SceneDelegate.swift */ = {isa = PBXFileReference; lastKnownFileType = sourcecode.swift; path = SceneDelegate.swift; sourceTree = "<group>"; };
		5D7AB89D256CBDF800BBE08A /* ViewController.swift */ = {isa = PBXFileReference; lastKnownFileType = sourcecode.swift; path = ViewController.swift; sourceTree = "<group>"; };
		5D7AB8A0256CBDF800BBE08A /* Base */ = {isa = PBXFileReference; lastKnownFileType = file.storyboard; name = Base; path = Base.lproj/Main.storyboard; sourceTree = "<group>"; };
		5D7AB8A2256CBDFA00BBE08A /* Assets.xcassets */ = {isa = PBXFileReference; lastKnownFileType = folder.assetcatalog; path = Assets.xcassets; sourceTree = "<group>"; };
		5D7AB8A5256CBDFA00BBE08A /* Base */ = {isa = PBXFileReference; lastKnownFileType = file.storyboard; name = Base; path = Base.lproj/LaunchScreen.storyboard; sourceTree = "<group>"; };
		5D7AB8A7256CBDFA00BBE08A /* Info.plist */ = {isa = PBXFileReference; lastKnownFileType = text.plist.xml; path = Info.plist; sourceTree = "<group>"; };
		5D7AB8AC256CBDFA00BBE08A /* RewardsAppTests.xctest */ = {isa = PBXFileReference; explicitFileType = wrapper.cfbundle; includeInIndex = 0; path = RewardsAppTests.xctest; sourceTree = BUILT_PRODUCTS_DIR; };
		5D7AB8B0256CBDFA00BBE08A /* RewardsAppTests.swift */ = {isa = PBXFileReference; lastKnownFileType = sourcecode.swift; path = RewardsAppTests.swift; sourceTree = "<group>"; };
		5D7AB8B2256CBDFA00BBE08A /* Info.plist */ = {isa = PBXFileReference; lastKnownFileType = text.plist.xml; path = Info.plist; sourceTree = "<group>"; };
		5D7AB8BD256CC19200BBE08A /* MainCoordinator.swift */ = {isa = PBXFileReference; lastKnownFileType = sourcecode.swift; path = MainCoordinator.swift; sourceTree = "<group>"; };
		5D7AB8BF256CC1B800BBE08A /* Coordinator.swift */ = {isa = PBXFileReference; lastKnownFileType = sourcecode.swift; path = Coordinator.swift; sourceTree = "<group>"; };
		5D7AB8C3256CC30000BBE08A /* InitialScreenViewController.swift */ = {isa = PBXFileReference; lastKnownFileType = sourcecode.swift; path = InitialScreenViewController.swift; sourceTree = "<group>"; };
		5D7AB8C5256CC31800BBE08A /* Storyboarded.swift */ = {isa = PBXFileReference; lastKnownFileType = sourcecode.swift; path = Storyboarded.swift; sourceTree = "<group>"; };
		5D7AB8C7256CC8B500BBE08A /* RegisterViewController.swift */ = {isa = PBXFileReference; lastKnownFileType = sourcecode.swift; path = RegisterViewController.swift; sourceTree = "<group>"; };
		5D7AB8C9256CC8C000BBE08A /* LoginViewController.swift */ = {isa = PBXFileReference; lastKnownFileType = sourcecode.swift; path = LoginViewController.swift; sourceTree = "<group>"; };
		5D7AB8CC256CD8AC00BBE08A /* RequestManager.swift */ = {isa = PBXFileReference; lastKnownFileType = sourcecode.swift; path = RequestManager.swift; sourceTree = "<group>"; };
		5D7AB8CE256CE8C600BBE08A /* NetworkLayer.swift */ = {isa = PBXFileReference; lastKnownFileType = sourcecode.swift; path = NetworkLayer.swift; sourceTree = "<group>"; };
		5D7AB8D1256CE9DF00BBE08A /* User.swift */ = {isa = PBXFileReference; lastKnownFileType = sourcecode.swift; path = User.swift; sourceTree = "<group>"; };
		5D7AB8D6256D06AE00BBE08A /* MockValues.swift */ = {isa = PBXFileReference; lastKnownFileType = sourcecode.swift; path = MockValues.swift; sourceTree = "<group>"; };
		5D7AB8DA256D0E7200BBE08A /* UITextField+Extension.swift */ = {isa = PBXFileReference; lastKnownFileType = sourcecode.swift; path = "UITextField+Extension.swift"; sourceTree = "<group>"; };
		5D7AB8DE256D12E800BBE08A /* RewardsAppHelperClass.swift */ = {isa = PBXFileReference; lastKnownFileType = sourcecode.swift; path = RewardsAppHelperClass.swift; sourceTree = "<group>"; };
		5D7AB8E0256D146A00BBE08A /* DashboardViewController.swift */ = {isa = PBXFileReference; lastKnownFileType = sourcecode.swift; path = DashboardViewController.swift; sourceTree = "<group>"; };
		5D7AB8E3256D2DDA00BBE08A /* DashboardViewModel.swift */ = {isa = PBXFileReference; lastKnownFileType = sourcecode.swift; path = DashboardViewModel.swift; sourceTree = "<group>"; };
		5D7AB8E5256D31E100BBE08A /* RegisterViewModel.swift */ = {isa = PBXFileReference; lastKnownFileType = sourcecode.swift; path = RegisterViewModel.swift; sourceTree = "<group>"; };
		5D7AB8E7256D36F800BBE08A /* Reward.swift */ = {isa = PBXFileReference; lastKnownFileType = sourcecode.swift; path = Reward.swift; sourceTree = "<group>"; };
		5D7AB8EA256D3D7700BBE08A /* RewardsCell.swift */ = {isa = PBXFileReference; lastKnownFileType = sourcecode.swift; path = RewardsCell.swift; sourceTree = "<group>"; };
		5D7AB8EB256D3D7700BBE08A /* RewardsCell.xib */ = {isa = PBXFileReference; lastKnownFileType = file.xib; path = RewardsCell.xib; sourceTree = "<group>"; };
		5D7AB8EE256D41D000BBE08A /* ImageLoader.swift */ = {isa = PBXFileReference; lastKnownFileType = sourcecode.swift; path = ImageLoader.swift; sourceTree = "<group>"; };
		5D7AB8F0256D475700BBE08A /* UIViewController+Extension.swift */ = {isa = PBXFileReference; lastKnownFileType = sourcecode.swift; path = "UIViewController+Extension.swift"; sourceTree = "<group>"; };
		5D7AB8F2256D4DD300BBE08A /* RewardViewController.swift */ = {isa = PBXFileReference; lastKnownFileType = sourcecode.swift; path = RewardViewController.swift; sourceTree = "<group>"; };
		5D7AB8F4256D4E9800BBE08A /* RewardViewModel.swift */ = {isa = PBXFileReference; lastKnownFileType = sourcecode.swift; path = RewardViewModel.swift; sourceTree = "<group>"; };
/* End PBXFileReference section */

/* Begin PBXFrameworksBuildPhase section */
		5D7AB893256CBDF800BBE08A /* Frameworks */ = {
			isa = PBXFrameworksBuildPhase;
			buildActionMask = 2147483647;
			files = (
			);
			runOnlyForDeploymentPostprocessing = 0;
		};
		5D7AB8A9256CBDFA00BBE08A /* Frameworks */ = {
			isa = PBXFrameworksBuildPhase;
			buildActionMask = 2147483647;
			files = (
			);
			runOnlyForDeploymentPostprocessing = 0;
		};
/* End PBXFrameworksBuildPhase section */

/* Begin PBXGroup section */
		5D7AB88D256CBDF800BBE08A = {
			isa = PBXGroup;
			children = (
				5D7AB898256CBDF800BBE08A /* RewardsApp */,
				5D7AB8AF256CBDFA00BBE08A /* RewardsAppTests */,
				5D7AB897256CBDF800BBE08A /* Products */,
			);
			sourceTree = "<group>";
		};
		5D7AB897256CBDF800BBE08A /* Products */ = {
			isa = PBXGroup;
			children = (
				5D7AB896256CBDF800BBE08A /* RewardsApp.app */,
				5D7AB8AC256CBDFA00BBE08A /* RewardsAppTests.xctest */,
			);
			name = Products;
			sourceTree = "<group>";
		};
		5D7AB898256CBDF800BBE08A /* RewardsApp */ = {
			isa = PBXGroup;
			children = (
				5D7AB8E9256D3D6400BBE08A /* Cells */,
				5D7AB8E2256D2DB600BBE08A /* View Model */,
				5D7AB8D0256CE9D500BBE08A /* Model */,
				5D7AB8CB256CD88B00BBE08A /* Manager */,
				5D7AB8C2256CC2E700BBE08A /* Helper Class */,
				5D7AB8C1256CC2DE00BBE08A /* ViewController */,
				5D7AB8BC256CC17200BBE08A /* Supporting Files */,
				5D7AB8BB256CC16B00BBE08A /* Coordinator */,
				5D7AB89F256CBDF800BBE08A /* Main.storyboard */,
				5D7AB8A4256CBDFA00BBE08A /* LaunchScreen.storyboard */,
				5D7AB8A7256CBDFA00BBE08A /* Info.plist */,
			);
			path = RewardsApp;
			sourceTree = "<group>";
		};
		5D7AB8AF256CBDFA00BBE08A /* RewardsAppTests */ = {
			isa = PBXGroup;
			children = (
				5D7AB8B0256CBDFA00BBE08A /* RewardsAppTests.swift */,
				5D7AB8B2256CBDFA00BBE08A /* Info.plist */,
			);
			path = RewardsAppTests;
			sourceTree = "<group>";
		};
		5D7AB8BB256CC16B00BBE08A /* Coordinator */ = {
			isa = PBXGroup;
			children = (
				5D7AB8BD256CC19200BBE08A /* MainCoordinator.swift */,
				5D7AB8BF256CC1B800BBE08A /* Coordinator.swift */,
				5D7AB8C5256CC31800BBE08A /* Storyboarded.swift */,
			);
			path = Coordinator;
			sourceTree = "<group>";
		};
		5D7AB8BC256CC17200BBE08A /* Supporting Files */ = {
			isa = PBXGroup;
			children = (
				5D7AB899256CBDF800BBE08A /* AppDelegate.swift */,
				5D7AB89B256CBDF800BBE08A /* SceneDelegate.swift */,
				5D7AB89D256CBDF800BBE08A /* ViewController.swift */,
				5D7AB8A2256CBDFA00BBE08A /* Assets.xcassets */,
			);
			path = "Supporting Files";
			sourceTree = "<group>";
		};
		5D7AB8C1256CC2DE00BBE08A /* ViewController */ = {
			isa = PBXGroup;
			children = (
				5D7AB8C3256CC30000BBE08A /* InitialScreenViewController.swift */,
				5D7AB8C7256CC8B500BBE08A /* RegisterViewController.swift */,
				5D7AB8C9256CC8C000BBE08A /* LoginViewController.swift */,
				5D7AB8E0256D146A00BBE08A /* DashboardViewController.swift */,
				5D7AB8F2256D4DD300BBE08A /* RewardViewController.swift */,
			);
			path = ViewController;
			sourceTree = "<group>";
		};
		5D7AB8C2256CC2E700BBE08A /* Helper Class */ = {
			isa = PBXGroup;
			children = (
				5D7AB8DA256D0E7200BBE08A /* UITextField+Extension.swift */,
				5D7AB8F0256D475700BBE08A /* UIViewController+Extension.swift */,
				5D7AB8DE256D12E800BBE08A /* RewardsAppHelperClass.swift */,
			);
			path = "Helper Class";
			sourceTree = "<group>";
		};
		5D7AB8CB256CD88B00BBE08A /* Manager */ = {
			isa = PBXGroup;
			children = (
				5D7AB8CC256CD8AC00BBE08A /* RequestManager.swift */,
				5D7AB8CE256CE8C600BBE08A /* NetworkLayer.swift */,
				5D7AB8D6256D06AE00BBE08A /* MockValues.swift */,
			);
			path = Manager;
			sourceTree = "<group>";
		};
		5D7AB8D0256CE9D500BBE08A /* Model */ = {
			isa = PBXGroup;
			children = (
				5D7AB8D1256CE9DF00BBE08A /* User.swift */,
				5D7AB8E7256D36F800BBE08A /* Reward.swift */,
				5D7AB8EE256D41D000BBE08A /* ImageLoader.swift */,
			);
			path = Model;
			sourceTree = "<group>";
		};
		5D7AB8E2256D2DB600BBE08A /* View Model */ = {
			isa = PBXGroup;
			children = (
				5D7AB8E3256D2DDA00BBE08A /* DashboardViewModel.swift */,
				5D7AB8E5256D31E100BBE08A /* RegisterViewModel.swift */,
				5D7AB8F4256D4E9800BBE08A /* RewardViewModel.swift */,
			);
			path = "View Model";
			sourceTree = "<group>";
		};
		5D7AB8E9256D3D6400BBE08A /* Cells */ = {
			isa = PBXGroup;
			children = (
				5D7AB8EA256D3D7700BBE08A /* RewardsCell.swift */,
				5D7AB8EB256D3D7700BBE08A /* RewardsCell.xib */,
			);
			path = Cells;
			sourceTree = "<group>";
		};
/* End PBXGroup section */

/* Begin PBXNativeTarget section */
		5D7AB895256CBDF800BBE08A /* RewardsApp */ = {
			isa = PBXNativeTarget;
			buildConfigurationList = 5D7AB8B5256CBDFA00BBE08A /* Build configuration list for PBXNativeTarget "RewardsApp" */;
			buildPhases = (
				5D7AB892256CBDF800BBE08A /* Sources */,
				5D7AB893256CBDF800BBE08A /* Frameworks */,
				5D7AB894256CBDF800BBE08A /* Resources */,
			);
			buildRules = (
			);
			dependencies = (
			);
			name = RewardsApp;
			productName = RewardsApp;
			productReference = 5D7AB896256CBDF800BBE08A /* RewardsApp.app */;
			productType = "com.apple.product-type.application";
		};
		5D7AB8AB256CBDFA00BBE08A /* RewardsAppTests */ = {
			isa = PBXNativeTarget;
			buildConfigurationList = 5D7AB8B8256CBDFA00BBE08A /* Build configuration list for PBXNativeTarget "RewardsAppTests" */;
			buildPhases = (
				5D7AB8A8256CBDFA00BBE08A /* Sources */,
				5D7AB8A9256CBDFA00BBE08A /* Frameworks */,
				5D7AB8AA256CBDFA00BBE08A /* Resources */,
			);
			buildRules = (
			);
			dependencies = (
				5D7AB8AE256CBDFA00BBE08A /* PBXTargetDependency */,
			);
			name = RewardsAppTests;
			productName = RewardsAppTests;
			productReference = 5D7AB8AC256CBDFA00BBE08A /* RewardsAppTests.xctest */;
			productType = "com.apple.product-type.bundle.unit-test";
		};
/* End PBXNativeTarget section */

/* Begin PBXProject section */
		5D7AB88E256CBDF800BBE08A /* Project object */ = {
			isa = PBXProject;
			attributes = {
				LastSwiftUpdateCheck = 1170;
				LastUpgradeCheck = 1170;
				ORGANIZATIONNAME = "Elijah Tristan Huey Chan";
				TargetAttributes = {
					5D7AB895256CBDF800BBE08A = {
						CreatedOnToolsVersion = 11.7;
					};
					5D7AB8AB256CBDFA00BBE08A = {
						CreatedOnToolsVersion = 11.7;
						TestTargetID = 5D7AB895256CBDF800BBE08A;
					};
				};
			};
			buildConfigurationList = 5D7AB891256CBDF800BBE08A /* Build configuration list for PBXProject "RewardsApp" */;
			compatibilityVersion = "Xcode 9.3";
			developmentRegion = en;
			hasScannedForEncodings = 0;
			knownRegions = (
				en,
				Base,
			);
			mainGroup = 5D7AB88D256CBDF800BBE08A;
			productRefGroup = 5D7AB897256CBDF800BBE08A /* Products */;
			projectDirPath = "";
			projectRoot = "";
			targets = (
				5D7AB895256CBDF800BBE08A /* RewardsApp */,
				5D7AB8AB256CBDFA00BBE08A /* RewardsAppTests */,
			);
		};
/* End PBXProject section */

/* Begin PBXResourcesBuildPhase section */
		5D7AB894256CBDF800BBE08A /* Resources */ = {
			isa = PBXResourcesBuildPhase;
			buildActionMask = 2147483647;
			files = (
				5D7AB8ED256D3D7700BBE08A /* RewardsCell.xib in Resources */,
				5D7AB8A6256CBDFA00BBE08A /* LaunchScreen.storyboard in Resources */,
				5D7AB8A3256CBDFA00BBE08A /* Assets.xcassets in Resources */,
				5D7AB8A1256CBDF800BBE08A /* Main.storyboard in Resources */,
			);
			runOnlyForDeploymentPostprocessing = 0;
		};
		5D7AB8AA256CBDFA00BBE08A /* Resources */ = {
			isa = PBXResourcesBuildPhase;
			buildActionMask = 2147483647;
			files = (
			);
			runOnlyForDeploymentPostprocessing = 0;
		};
/* End PBXResourcesBuildPhase section */

/* Begin PBXSourcesBuildPhase section */
		5D7AB892256CBDF800BBE08A /* Sources */ = {
			isa = PBXSourcesBuildPhase;
			buildActionMask = 2147483647;
			files = (
				5D7AB8CA256CC8C000BBE08A /* LoginViewController.swift in Sources */,
				5D7AB89E256CBDF800BBE08A /* ViewController.swift in Sources */,
				5D7AB8C4256CC30000BBE08A /* InitialScreenViewController.swift in Sources */,
				5D7AB8DF256D12E800BBE08A /* RewardsAppHelperClass.swift in Sources */,
				5D7AB8EC256D3D7700BBE08A /* RewardsCell.swift in Sources */,
				5D7AB8BE256CC19200BBE08A /* MainCoordinator.swift in Sources */,
				5D7AB8F3256D4DD300BBE08A /* RewardViewController.swift in Sources */,
				5D7AB8DB256D0E7200BBE08A /* UITextField+Extension.swift in Sources */,
				5D7AB8C8256CC8B500BBE08A /* RegisterViewController.swift in Sources */,
				5D7AB8F5256D4E9800BBE08A /* RewardViewModel.swift in Sources */,
				5D7AB8E6256D31E100BBE08A /* RegisterViewModel.swift in Sources */,
				5D7AB8CF256CE8C600BBE08A /* NetworkLayer.swift in Sources */,
				5D7AB8E4256D2DDA00BBE08A /* DashboardViewModel.swift in Sources */,
				5D7AB8CD256CD8AC00BBE08A /* RequestManager.swift in Sources */,
				5D7AB8F1256D475700BBE08A /* UIViewController+Extension.swift in Sources */,
				5D7AB8C0256CC1B800BBE08A /* Coordinator.swift in Sources */,
				5D7AB8D2256CE9DF00BBE08A /* User.swift in Sources */,
				5D7AB8EF256D41D000BBE08A /* ImageLoader.swift in Sources */,
				5D7AB8E8256D36F800BBE08A /* Reward.swift in Sources */,
				5D7AB89A256CBDF800BBE08A /* AppDelegate.swift in Sources */,
				5D7AB8D7256D06AE00BBE08A /* MockValues.swift in Sources */,
				5D7AB89C256CBDF800BBE08A /* SceneDelegate.swift in Sources */,
				5D7AB8C6256CC31800BBE08A /* Storyboarded.swift in Sources */,
				5D7AB8E1256D146A00BBE08A /* DashboardViewController.swift in Sources */,
			);
			runOnlyForDeploymentPostprocessing = 0;
		};
		5D7AB8A8256CBDFA00BBE08A /* Sources */ = {
			isa = PBXSourcesBuildPhase;
			buildActionMask = 2147483647;
			files = (
				5D7AB8B1256CBDFA00BBE08A /* RewardsAppTests.swift in Sources */,
			);
			runOnlyForDeploymentPostprocessing = 0;
		};
/* End PBXSourcesBuildPhase section */

/* Begin PBXTargetDependency section */
		5D7AB8AE256CBDFA00BBE08A /* PBXTargetDependency */ = {
			isa = PBXTargetDependency;
			target = 5D7AB895256CBDF800BBE08A /* RewardsApp */;
			targetProxy = 5D7AB8AD256CBDFA00BBE08A /* PBXContainerItemProxy */;
		};
/* End PBXTargetDependency section */

/* Begin PBXVariantGroup section */
		5D7AB89F256CBDF800BBE08A /* Main.storyboard */ = {
			isa = PBXVariantGroup;
			children = (
				5D7AB8A0256CBDF800BBE08A /* Base */,
			);
			name = Main.storyboard;
			sourceTree = "<group>";
		};
		5D7AB8A4256CBDFA00BBE08A /* LaunchScreen.storyboard */ = {
			isa = PBXVariantGroup;
			children = (
				5D7AB8A5256CBDFA00BBE08A /* Base */,
			);
			name = LaunchScreen.storyboard;
			sourceTree = "<group>";
		};
/* End PBXVariantGroup section */

/* Begin XCBuildConfiguration section */
		5D7AB8B3256CBDFA00BBE08A /* Debug */ = {
			isa = XCBuildConfiguration;
			buildSettings = {
				ALWAYS_SEARCH_USER_PATHS = NO;
				CLANG_ANALYZER_NONNULL = YES;
				CLANG_ANALYZER_NUMBER_OBJECT_CONVERSION = YES_AGGRESSIVE;
				CLANG_CXX_LANGUAGE_STANDARD = "gnu++14";
				CLANG_CXX_LIBRARY = "libc++";
				CLANG_ENABLE_MODULES = YES;
				CLANG_ENABLE_OBJC_ARC = YES;
				CLANG_ENABLE_OBJC_WEAK = YES;
				CLANG_WARN_BLOCK_CAPTURE_AUTORELEASING = YES;
				CLANG_WARN_BOOL_CONVERSION = YES;
				CLANG_WARN_COMMA = YES;
				CLANG_WARN_CONSTANT_CONVERSION = YES;
				CLANG_WARN_DEPRECATED_OBJC_IMPLEMENTATIONS = YES;
				CLANG_WARN_DIRECT_OBJC_ISA_USAGE = YES_ERROR;
				CLANG_WARN_DOCUMENTATION_COMMENTS = YES;
				CLANG_WARN_EMPTY_BODY = YES;
				CLANG_WARN_ENUM_CONVERSION = YES;
				CLANG_WARN_INFINITE_RECURSION = YES;
				CLANG_WARN_INT_CONVERSION = YES;
				CLANG_WARN_NON_LITERAL_NULL_CONVERSION = YES;
				CLANG_WARN_OBJC_IMPLICIT_RETAIN_SELF = YES;
				CLANG_WARN_OBJC_LITERAL_CONVERSION = YES;
				CLANG_WARN_OBJC_ROOT_CLASS = YES_ERROR;
				CLANG_WARN_RANGE_LOOP_ANALYSIS = YES;
				CLANG_WARN_STRICT_PROTOTYPES = YES;
				CLANG_WARN_SUSPICIOUS_MOVE = YES;
				CLANG_WARN_UNGUARDED_AVAILABILITY = YES_AGGRESSIVE;
				CLANG_WARN_UNREACHABLE_CODE = YES;
				CLANG_WARN__DUPLICATE_METHOD_MATCH = YES;
				COPY_PHASE_STRIP = NO;
				DEBUG_INFORMATION_FORMAT = dwarf;
				ENABLE_STRICT_OBJC_MSGSEND = YES;
				ENABLE_TESTABILITY = YES;
				GCC_C_LANGUAGE_STANDARD = gnu11;
				GCC_DYNAMIC_NO_PIC = NO;
				GCC_NO_COMMON_BLOCKS = YES;
				GCC_OPTIMIZATION_LEVEL = 0;
				GCC_PREPROCESSOR_DEFINITIONS = (
					"DEBUG=1",
					"$(inherited)",
				);
				GCC_WARN_64_TO_32_BIT_CONVERSION = YES;
				GCC_WARN_ABOUT_RETURN_TYPE = YES_ERROR;
				GCC_WARN_UNDECLARED_SELECTOR = YES;
				GCC_WARN_UNINITIALIZED_AUTOS = YES_AGGRESSIVE;
				GCC_WARN_UNUSED_FUNCTION = YES;
				GCC_WARN_UNUSED_VARIABLE = YES;
				IPHONEOS_DEPLOYMENT_TARGET = 13.7;
				MTL_ENABLE_DEBUG_INFO = INCLUDE_SOURCE;
				MTL_FAST_MATH = YES;
				ONLY_ACTIVE_ARCH = YES;
				SDKROOT = iphoneos;
				SWIFT_ACTIVE_COMPILATION_CONDITIONS = DEBUG;
				SWIFT_OPTIMIZATION_LEVEL = "-Onone";
			};
			name = Debug;
		};
		5D7AB8B4256CBDFA00BBE08A /* Release */ = {
			isa = XCBuildConfiguration;
			buildSettings = {
				ALWAYS_SEARCH_USER_PATHS = NO;
				CLANG_ANALYZER_NONNULL = YES;
				CLANG_ANALYZER_NUMBER_OBJECT_CONVERSION = YES_AGGRESSIVE;
				CLANG_CXX_LANGUAGE_STANDARD = "gnu++14";
				CLANG_CXX_LIBRARY = "libc++";
				CLANG_ENABLE_MODULES = YES;
				CLANG_ENABLE_OBJC_ARC = YES;
				CLANG_ENABLE_OBJC_WEAK = YES;
				CLANG_WARN_BLOCK_CAPTURE_AUTORELEASING = YES;
				CLANG_WARN_BOOL_CONVERSION = YES;
				CLANG_WARN_COMMA = YES;
				CLANG_WARN_CONSTANT_CONVERSION = YES;
				CLANG_WARN_DEPRECATED_OBJC_IMPLEMENTATIONS = YES;
				CLANG_WARN_DIRECT_OBJC_ISA_USAGE = YES_ERROR;
				CLANG_WARN_DOCUMENTATION_COMMENTS = YES;
				CLANG_WARN_EMPTY_BODY = YES;
				CLANG_WARN_ENUM_CONVERSION = YES;
				CLANG_WARN_INFINITE_RECURSION = YES;
				CLANG_WARN_INT_CONVERSION = YES;
				CLANG_WARN_NON_LITERAL_NULL_CONVERSION = YES;
				CLANG_WARN_OBJC_IMPLICIT_RETAIN_SELF = YES;
				CLANG_WARN_OBJC_LITERAL_CONVERSION = YES;
				CLANG_WARN_OBJC_ROOT_CLASS = YES_ERROR;
				CLANG_WARN_RANGE_LOOP_ANALYSIS = YES;
				CLANG_WARN_STRICT_PROTOTYPES = YES;
				CLANG_WARN_SUSPICIOUS_MOVE = YES;
				CLANG_WARN_UNGUARDED_AVAILABILITY = YES_AGGRESSIVE;
				CLANG_WARN_UNREACHABLE_CODE = YES;
				CLANG_WARN__DUPLICATE_METHOD_MATCH = YES;
				COPY_PHASE_STRIP = NO;
				DEBUG_INFORMATION_FORMAT = "dwarf-with-dsym";
				ENABLE_NS_ASSERTIONS = NO;
				ENABLE_STRICT_OBJC_MSGSEND = YES;
				GCC_C_LANGUAGE_STANDARD = gnu11;
				GCC_NO_COMMON_BLOCKS = YES;
				GCC_WARN_64_TO_32_BIT_CONVERSION = YES;
				GCC_WARN_ABOUT_RETURN_TYPE = YES_ERROR;
				GCC_WARN_UNDECLARED_SELECTOR = YES;
				GCC_WARN_UNINITIALIZED_AUTOS = YES_AGGRESSIVE;
				GCC_WARN_UNUSED_FUNCTION = YES;
				GCC_WARN_UNUSED_VARIABLE = YES;
				IPHONEOS_DEPLOYMENT_TARGET = 13.7;
				MTL_ENABLE_DEBUG_INFO = NO;
				MTL_FAST_MATH = YES;
				SDKROOT = iphoneos;
				SWIFT_COMPILATION_MODE = wholemodule;
				SWIFT_OPTIMIZATION_LEVEL = "-O";
				VALIDATE_PRODUCT = YES;
			};
			name = Release;
		};
		5D7AB8B6256CBDFA00BBE08A /* Debug */ = {
			isa = XCBuildConfiguration;
			buildSettings = {
				ASSETCATALOG_COMPILER_APPICON_NAME = AppIcon;
				CODE_SIGN_STYLE = Automatic;
				DEVELOPMENT_TEAM = 847YLVY9X7;
				INFOPLIST_FILE = RewardsApp/Info.plist;
				IPHONEOS_DEPLOYMENT_TARGET = 13.0;
				LD_RUNPATH_SEARCH_PATHS = (
					"$(inherited)",
					"@executable_path/Frameworks",
				);
				PRODUCT_BUNDLE_IDENTIFIER = ing.RewardsApp;
				PRODUCT_NAME = "$(TARGET_NAME)";
				SWIFT_VERSION = 5.0;
				TARGETED_DEVICE_FAMILY = "1,2";
			};
			name = Debug;
		};
		5D7AB8B7256CBDFA00BBE08A /* Release */ = {
			isa = XCBuildConfiguration;
			buildSettings = {
				ASSETCATALOG_COMPILER_APPICON_NAME = AppIcon;
				CODE_SIGN_STYLE = Automatic;
				DEVELOPMENT_TEAM = 847YLVY9X7;
				INFOPLIST_FILE = RewardsApp/Info.plist;
				IPHONEOS_DEPLOYMENT_TARGET = 13.0;
				LD_RUNPATH_SEARCH_PATHS = (
					"$(inherited)",
					"@executable_path/Frameworks",
				);
				PRODUCT_BUNDLE_IDENTIFIER = ing.RewardsApp;
				PRODUCT_NAME = "$(TARGET_NAME)";
				SWIFT_VERSION = 5.0;
				TARGETED_DEVICE_FAMILY = "1,2";
			};
			name = Release;
		};
		5D7AB8B9256CBDFA00BBE08A /* Debug */ = {
			isa = XCBuildConfiguration;
			buildSettings = {
				ALWAYS_EMBED_SWIFT_STANDARD_LIBRARIES = YES;
				BUNDLE_LOADER = "$(TEST_HOST)";
				CODE_SIGN_STYLE = Automatic;
				DEVELOPMENT_TEAM = 847YLVY9X7;
				INFOPLIST_FILE = RewardsAppTests/Info.plist;
				IPHONEOS_DEPLOYMENT_TARGET = 13.7;
				LD_RUNPATH_SEARCH_PATHS = (
					"$(inherited)",
					"@executable_path/Frameworks",
					"@loader_path/Frameworks",
				);
				PRODUCT_BUNDLE_IDENTIFIER = ing.RewardsAppTests;
				PRODUCT_NAME = "$(TARGET_NAME)";
				SWIFT_VERSION = 5.0;
				TARGETED_DEVICE_FAMILY = "1,2";
				TEST_HOST = "$(BUILT_PRODUCTS_DIR)/RewardsApp.app/RewardsApp";
			};
			name = Debug;
		};
		5D7AB8BA256CBDFA00BBE08A /* Release */ = {
			isa = XCBuildConfiguration;
			buildSettings = {
				ALWAYS_EMBED_SWIFT_STANDARD_LIBRARIES = YES;
				BUNDLE_LOADER = "$(TEST_HOST)";
				CODE_SIGN_STYLE = Automatic;
				DEVELOPMENT_TEAM = 847YLVY9X7;
				INFOPLIST_FILE = RewardsAppTests/Info.plist;
				IPHONEOS_DEPLOYMENT_TARGET = 13.7;
				LD_RUNPATH_SEARCH_PATHS = (
					"$(inherited)",
					"@executable_path/Frameworks",
					"@loader_path/Frameworks",
				);
				PRODUCT_BUNDLE_IDENTIFIER = ing.RewardsAppTests;
				PRODUCT_NAME = "$(TARGET_NAME)";
				SWIFT_VERSION = 5.0;
				TARGETED_DEVICE_FAMILY = "1,2";
				TEST_HOST = "$(BUILT_PRODUCTS_DIR)/RewardsApp.app/RewardsApp";
			};
			name = Release;
		};
/* End XCBuildConfiguration section */

/* Begin XCConfigurationList section */
		5D7AB891256CBDF800BBE08A /* Build configuration list for PBXProject "RewardsApp" */ = {
			isa = XCConfigurationList;
			buildConfigurations = (
				5D7AB8B3256CBDFA00BBE08A /* Debug */,
				5D7AB8B4256CBDFA00BBE08A /* Release */,
			);
			defaultConfigurationIsVisible = 0;
			defaultConfigurationName = Release;
		};
		5D7AB8B5256CBDFA00BBE08A /* Build configuration list for PBXNativeTarget "RewardsApp" */ = {
			isa = XCConfigurationList;
			buildConfigurations = (
				5D7AB8B6256CBDFA00BBE08A /* Debug */,
				5D7AB8B7256CBDFA00BBE08A /* Release */,
			);
			defaultConfigurationIsVisible = 0;
			defaultConfigurationName = Release;
		};
		5D7AB8B8256CBDFA00BBE08A /* Build configuration list for PBXNativeTarget "RewardsAppTests" */ = {
			isa = XCConfigurationList;
			buildConfigurations = (
				5D7AB8B9256CBDFA00BBE08A /* Debug */,
				5D7AB8BA256CBDFA00BBE08A /* Release */,
			);
			defaultConfigurationIsVisible = 0;
			defaultConfigurationName = Release;
		};
/* End XCConfigurationList section */
	};
	rootObject = 5D7AB88E256CBDF800BBE08A /* Project object */;
}
